
Microsoft Visual Studio Solution File, Format Version 12.00
# Visual Studio Version 17
VisualStudioVersion = 17.12.35728.132
MinimumVisualStudioVersion = 10.0.40219.1
Project("{8BC9CEB8-8B4A-11D0-8D11-00A0C91BC942}") = "practice01", "practice\practice01\practice01.vcxproj", "{C50DC528-7F53-47F2-8B4F-FA4CAE0BB0F0}"
EndProject
Project("{8BC9CEB8-8B4A-11D0-8D11-00A0C91BC942}") = "practice02", "practice\practice02\practice02.vcxproj", "{27974B90-E003-4D07-BA18-BFE58600846A}"
EndProject
Project("{8BC9CEB8-8B4A-11D0-8D11-00A0C91BC942}") = "project01", "projects\project01\project01.vcxproj", "{F7FF19F7-80FD-48FE-ABD5-F0428E2D4D25}"
EndProject
Project("{8BC9CEB8-8B4A-11D0-8D11-00A0C91BC942}") = "project02", "projects\project02\project02.vcxproj", "{AA5E2DC0-441B-42F2-9416-E19FD1333EB8}"
EndProject
Project("{8BC9CEB8-8B4A-11D0-8D11-00A0C91BC942}") = "practice03", "practice\practice03\practice03.vcxproj", "{134BBEFB-80A1-4C03-84BD-49EC4C0CDB89}"
EndProject
Project("{8BC9CEB8-8B4A-11D0-8D11-00A0C91BC942}") = "practice04", "practice\practice04\practice04.vcxproj", "{BAE08DD7-D689-4EAD-8DC8-89C945EA06C5}"
EndProject
Project("{8BC9CEB8-8B4A-11D0-8D11-00A0C91BC942}") = "practice06", "practice\practice06\practice06.vcxproj", "{C54F3BBC-3071-4FE7-A39D-F73A33113281}"
EndProject
Project("{8BC9CEB8-8B4A-11D0-8D11-00A0C91BC942}") = "practice07", "practice\practice07\practice07.vcxproj", "{827F3555-1BA7-43DC-A37D-73D74743987A}"
EndProject
Project("{8BC9CEB8-8B4A-11D0-8D11-00A0C91BC942}") = "practice11", "practice\practice11\practice11.vcxproj", "{D21EE4A6-C7BA-4388-943C-31A0950AB4F1}"
EndProject
Project("{8BC9CEB8-8B4A-11D0-8D11-00A0C91BC942}") = "practice05", "practice\practice05\practice05.vcxproj", "{4543F317-E9BF-47B1-A87C-E3C6D56C9E0B}"
EndProject
Project("{8BC9CEB8-8B4A-11D0-8D11-00A0C91BC942}") = "practice03_test", "tests\practice03_test\practice03_test.vcxproj", "{7AC8521A-3FE3-78E1-C37E-617EE49987B3}"
EndProject
Project("{8BC9CEB8-8B4A-11D0-8D11-00A0C91BC942}") = "practice05_1a", "practice\practice05\practice05_1a\practice05_1a.vcxproj", "{DFB7DF6D-FED8-42BE-A429-B3C062788CC7}"
EndProject
Project("{8BC9CEB8-8B4A-11D0-8D11-00A0C91BC942}") = "practice05_2b", "practice\practice05\practice05_2b\practice05_2b.vcxproj", "{C665EE61-0C89-494A-B22F-DA56B1AF279B}"
EndProject
Project("{8BC9CEB8-8B4A-11D0-8D11-00A0C91BC942}") = "practice05_3a", "practice\practice05\practice05_3a\practice05_3a.vcxproj", "{6752BCED-F8A0-4B9E-8A11-FE246A24A102}"
EndProject
Project("{8BC9CEB8-8B4A-11D0-8D11-00A0C91BC942}") = "practice09", "practice\practice09\practice09.vcxproj", "{DECC3F0E-83E7-4E9A-802F-09191038AFBA}"
EndProject
Project("{8BC9CEB8-8B4A-11D0-8D11-00A0C91BC942}") = "problem1", "practice\practice09\problem1\problem1.vcxproj", "{60DC6EE9-96B6-4B6E-9201-8594EB62C9C8}"
EndProject
Project("{8BC9CEB8-8B4A-11D0-8D11-00A0C91BC942}") = "problem2", "practice\practice09\problem2\problem2.vcxproj", "{4461248B-1621-4D62-AE8E-149BB4A2BC3F}"
EndProject
Project("{8BC9CEB8-8B4A-11D0-8D11-00A0C91BC942}") = "practice10", "practice\practice10\practice10.vcxproj", "{73D96943-2FAB-4428-8788-F7765D400C27}"
EndProject
Global
	GlobalSection(SolutionConfigurationPlatforms) = preSolution
		Debug|x64 = Debug|x64
		Debug|x86 = Debug|x86
		Release|x64 = Release|x64
		Release|x86 = Release|x86
	EndGlobalSection
	GlobalSection(ProjectConfigurationPlatforms) = postSolution
		{C50DC528-7F53-47F2-8B4F-FA4CAE0BB0F0}.Debug|x64.ActiveCfg = Debug|x64
		{C50DC528-7F53-47F2-8B4F-FA4CAE0BB0F0}.Debug|x64.Build.0 = Debug|x64
		{C50DC528-7F53-47F2-8B4F-FA4CAE0BB0F0}.Debug|x86.ActiveCfg = Debug|Win32
		{C50DC528-7F53-47F2-8B4F-FA4CAE0BB0F0}.Debug|x86.Build.0 = Debug|Win32
		{C50DC528-7F53-47F2-8B4F-FA4CAE0BB0F0}.Release|x64.ActiveCfg = Release|x64
		{C50DC528-7F53-47F2-8B4F-FA4CAE0BB0F0}.Release|x64.Build.0 = Release|x64
		{C50DC528-7F53-47F2-8B4F-FA4CAE0BB0F0}.Release|x86.ActiveCfg = Release|Win32
		{C50DC528-7F53-47F2-8B4F-FA4CAE0BB0F0}.Release|x86.Build.0 = Release|Win32
		{27974B90-E003-4D07-BA18-BFE58600846A}.Debug|x64.ActiveCfg = Debug|x64
		{27974B90-E003-4D07-BA18-BFE58600846A}.Debug|x64.Build.0 = Debug|x64
		{27974B90-E003-4D07-BA18-BFE58600846A}.Debug|x86.ActiveCfg = Debug|Win32
		{27974B90-E003-4D07-BA18-BFE58600846A}.Debug|x86.Build.0 = Debug|Win32
		{27974B90-E003-4D07-BA18-BFE58600846A}.Release|x64.ActiveCfg = Release|x64
		{27974B90-E003-4D07-BA18-BFE58600846A}.Release|x64.Build.0 = Release|x64
		{27974B90-E003-4D07-BA18-BFE58600846A}.Release|x86.ActiveCfg = Release|Win32
		{27974B90-E003-4D07-BA18-BFE58600846A}.Release|x86.Build.0 = Release|Win32
		{F7FF19F7-80FD-48FE-ABD5-F0428E2D4D25}.Debug|x64.ActiveCfg = Debug|x64
		{F7FF19F7-80FD-48FE-ABD5-F0428E2D4D25}.Debug|x64.Build.0 = Debug|x64
		{F7FF19F7-80FD-48FE-ABD5-F0428E2D4D25}.Debug|x86.ActiveCfg = Debug|Win32
		{F7FF19F7-80FD-48FE-ABD5-F0428E2D4D25}.Debug|x86.Build.0 = Debug|Win32
		{F7FF19F7-80FD-48FE-ABD5-F0428E2D4D25}.Release|x64.ActiveCfg = Release|x64
		{F7FF19F7-80FD-48FE-ABD5-F0428E2D4D25}.Release|x64.Build.0 = Release|x64
		{F7FF19F7-80FD-48FE-ABD5-F0428E2D4D25}.Release|x86.ActiveCfg = Release|Win32
		{F7FF19F7-80FD-48FE-ABD5-F0428E2D4D25}.Release|x86.Build.0 = Release|Win32
		{AA5E2DC0-441B-42F2-9416-E19FD1333EB8}.Debug|x64.ActiveCfg = Debug|x64
		{AA5E2DC0-441B-42F2-9416-E19FD1333EB8}.Debug|x64.Build.0 = Debug|x64
		{AA5E2DC0-441B-42F2-9416-E19FD1333EB8}.Debug|x86.ActiveCfg = Debug|Win32
		{AA5E2DC0-441B-42F2-9416-E19FD1333EB8}.Debug|x86.Build.0 = Debug|Win32
		{AA5E2DC0-441B-42F2-9416-E19FD1333EB8}.Release|x64.ActiveCfg = Release|x64
		{AA5E2DC0-441B-42F2-9416-E19FD1333EB8}.Release|x64.Build.0 = Release|x64
		{AA5E2DC0-441B-42F2-9416-E19FD1333EB8}.Release|x86.ActiveCfg = Release|Win32
		{AA5E2DC0-441B-42F2-9416-E19FD1333EB8}.Release|x86.Build.0 = Release|Win32
		{134BBEFB-80A1-4C03-84BD-49EC4C0CDB89}.Debug|x64.ActiveCfg = Debug|x64
		{134BBEFB-80A1-4C03-84BD-49EC4C0CDB89}.Debug|x64.Build.0 = Debug|x64
		{134BBEFB-80A1-4C03-84BD-49EC4C0CDB89}.Debug|x86.ActiveCfg = Debug|Win32
		{134BBEFB-80A1-4C03-84BD-49EC4C0CDB89}.Debug|x86.Build.0 = Debug|Win32
		{134BBEFB-80A1-4C03-84BD-49EC4C0CDB89}.Release|x64.ActiveCfg = Release|x64
		{134BBEFB-80A1-4C03-84BD-49EC4C0CDB89}.Release|x64.Build.0 = Release|x64
		{134BBEFB-80A1-4C03-84BD-49EC4C0CDB89}.Release|x86.ActiveCfg = Release|Win32
		{134BBEFB-80A1-4C03-84BD-49EC4C0CDB89}.Release|x86.Build.0 = Release|Win32
		{BAE08DD7-D689-4EAD-8DC8-89C945EA06C5}.Debug|x64.ActiveCfg = Debug|x64
		{BAE08DD7-D689-4EAD-8DC8-89C945EA06C5}.Debug|x64.Build.0 = Debug|x64
		{BAE08DD7-D689-4EAD-8DC8-89C945EA06C5}.Debug|x86.ActiveCfg = Debug|Win32
		{BAE08DD7-D689-4EAD-8DC8-89C945EA06C5}.Debug|x86.Build.0 = Debug|Win32
		{BAE08DD7-D689-4EAD-8DC8-89C945EA06C5}.Release|x64.ActiveCfg = Release|x64
		{BAE08DD7-D689-4EAD-8DC8-89C945EA06C5}.Release|x64.Build.0 = Release|x64
		{BAE08DD7-D689-4EAD-8DC8-89C945EA06C5}.Release|x86.ActiveCfg = Release|Win32
		{BAE08DD7-D689-4EAD-8DC8-89C945EA06C5}.Release|x86.Build.0 = Release|Win32
		{C54F3BBC-3071-4FE7-A39D-F73A33113281}.Debug|x64.ActiveCfg = Debug|x64
		{C54F3BBC-3071-4FE7-A39D-F73A33113281}.Debug|x64.Build.0 = Debug|x64
		{C54F3BBC-3071-4FE7-A39D-F73A33113281}.Debug|x86.ActiveCfg = Debug|Win32
		{C54F3BBC-3071-4FE7-A39D-F73A33113281}.Debug|x86.Build.0 = Debug|Win32
		{C54F3BBC-3071-4FE7-A39D-F73A33113281}.Release|x64.ActiveCfg = Release|x64
		{C54F3BBC-3071-4FE7-A39D-F73A33113281}.Release|x64.Build.0 = Release|x64
		{C54F3BBC-3071-4FE7-A39D-F73A33113281}.Release|x86.ActiveCfg = Release|Win32
		{C54F3BBC-3071-4FE7-A39D-F73A33113281}.Release|x86.Build.0 = Release|Win32
		{827F3555-1BA7-43DC-A37D-73D74743987A}.Debug|x64.ActiveCfg = Debug|x64
		{827F3555-1BA7-43DC-A37D-73D74743987A}.Debug|x64.Build.0 = Debug|x64
		{827F3555-1BA7-43DC-A37D-73D74743987A}.Debug|x86.ActiveCfg = Debug|Win32
		{827F3555-1BA7-43DC-A37D-73D74743987A}.Debug|x86.Build.0 = Debug|Win32
		{827F3555-1BA7-43DC-A37D-73D74743987A}.Release|x64.ActiveCfg = Release|x64
		{827F3555-1BA7-43DC-A37D-73D74743987A}.Release|x64.Build.0 = Release|x64
		{827F3555-1BA7-43DC-A37D-73D74743987A}.Release|x86.ActiveCfg = Release|Win32
		{827F3555-1BA7-43DC-A37D-73D74743987A}.Release|x86.Build.0 = Release|Win32
		{D21EE4A6-C7BA-4388-943C-31A0950AB4F1}.Debug|x64.ActiveCfg = Debug|x64
		{D21EE4A6-C7BA-4388-943C-31A0950AB4F1}.Debug|x64.Build.0 = Debug|x64
		{D21EE4A6-C7BA-4388-943C-31A0950AB4F1}.Debug|x86.ActiveCfg = Debug|Win32
		{D21EE4A6-C7BA-4388-943C-31A0950AB4F1}.Debug|x86.Build.0 = Debug|Win32
		{D21EE4A6-C7BA-4388-943C-31A0950AB4F1}.Release|x64.ActiveCfg = Release|x64
		{D21EE4A6-C7BA-4388-943C-31A0950AB4F1}.Release|x64.Build.0 = Release|x64
		{D21EE4A6-C7BA-4388-943C-31A0950AB4F1}.Release|x86.ActiveCfg = Release|Win32
		{D21EE4A6-C7BA-4388-943C-31A0950AB4F1}.Release|x86.Build.0 = Release|Win32
		{4543F317-E9BF-47B1-A87C-E3C6D56C9E0B}.Debug|x64.ActiveCfg = Debug|x64
		{4543F317-E9BF-47B1-A87C-E3C6D56C9E0B}.Debug|x64.Build.0 = Debug|x64
		{4543F317-E9BF-47B1-A87C-E3C6D56C9E0B}.Debug|x86.ActiveCfg = Debug|Win32
		{4543F317-E9BF-47B1-A87C-E3C6D56C9E0B}.Debug|x86.Build.0 = Debug|Win32
		{4543F317-E9BF-47B1-A87C-E3C6D56C9E0B}.Release|x64.ActiveCfg = Release|x64
		{4543F317-E9BF-47B1-A87C-E3C6D56C9E0B}.Release|x64.Build.0 = Release|x64
		{4543F317-E9BF-47B1-A87C-E3C6D56C9E0B}.Release|x86.ActiveCfg = Release|Win32
		{4543F317-E9BF-47B1-A87C-E3C6D56C9E0B}.Release|x86.Build.0 = Release|Win32
		{7AC8521A-3FE3-78E1-C37E-617EE49987B3}.Debug|x64.ActiveCfg = Debug|x64
		{7AC8521A-3FE3-78E1-C37E-617EE49987B3}.Debug|x64.Build.0 = Debug|x64
		{7AC8521A-3FE3-78E1-C37E-617EE49987B3}.Debug|x86.ActiveCfg = Debug|Win32
		{7AC8521A-3FE3-78E1-C37E-617EE49987B3}.Debug|x86.Build.0 = Debug|Win32
		{7AC8521A-3FE3-78E1-C37E-617EE49987B3}.Release|x64.ActiveCfg = Release|x64
		{7AC8521A-3FE3-78E1-C37E-617EE49987B3}.Release|x64.Build.0 = Release|x64
		{7AC8521A-3FE3-78E1-C37E-617EE49987B3}.Release|x86.ActiveCfg = Release|Win32
		{7AC8521A-3FE3-78E1-C37E-617EE49987B3}.Release|x86.Build.0 = Release|Win32
		{DFB7DF6D-FED8-42BE-A429-B3C062788CC7}.Debug|x64.ActiveCfg = Debug|x64
		{DFB7DF6D-FED8-42BE-A429-B3C062788CC7}.Debug|x64.Build.0 = Debug|x64
		{DFB7DF6D-FED8-42BE-A429-B3C062788CC7}.Debug|x86.ActiveCfg = Debug|Win32
		{DFB7DF6D-FED8-42BE-A429-B3C062788CC7}.Debug|x86.Build.0 = Debug|Win32
		{DFB7DF6D-FED8-42BE-A429-B3C062788CC7}.Release|x64.ActiveCfg = Release|x64
		{DFB7DF6D-FED8-42BE-A429-B3C062788CC7}.Release|x64.Build.0 = Release|x64
		{DFB7DF6D-FED8-42BE-A429-B3C062788CC7}.Release|x86.ActiveCfg = Release|Win32
		{DFB7DF6D-FED8-42BE-A429-B3C062788CC7}.Release|x86.Build.0 = Release|Win32
		{C665EE61-0C89-494A-B22F-DA56B1AF279B}.Debug|x64.ActiveCfg = Debug|x64
		{C665EE61-0C89-494A-B22F-DA56B1AF279B}.Debug|x64.Build.0 = Debug|x64
		{C665EE61-0C89-494A-B22F-DA56B1AF279B}.Debug|x86.ActiveCfg = Debug|Win32
		{C665EE61-0C89-494A-B22F-DA56B1AF279B}.Debug|x86.Build.0 = Debug|Win32
		{C665EE61-0C89-494A-B22F-DA56B1AF279B}.Release|x64.ActiveCfg = Release|x64
		{C665EE61-0C89-494A-B22F-DA56B1AF279B}.Release|x64.Build.0 = Release|x64
		{C665EE61-0C89-494A-B22F-DA56B1AF279B}.Release|x86.ActiveCfg = Release|Win32
		{C665EE61-0C89-494A-B22F-DA56B1AF279B}.Release|x86.Build.0 = Release|Win32
		{6752BCED-F8A0-4B9E-8A11-FE246A24A102}.Debug|x64.ActiveCfg = Debug|x64
		{6752BCED-F8A0-4B9E-8A11-FE246A24A102}.Debug|x64.Build.0 = Debug|x64
		{6752BCED-F8A0-4B9E-8A11-FE246A24A102}.Debug|x86.ActiveCfg = Debug|Win32
		{6752BCED-F8A0-4B9E-8A11-FE246A24A102}.Debug|x86.Build.0 = Debug|Win32
		{6752BCED-F8A0-4B9E-8A11-FE246A24A102}.Release|x64.ActiveCfg = Release|x64
		{6752BCED-F8A0-4B9E-8A11-FE246A24A102}.Release|x64.Build.0 = Release|x64
		{6752BCED-F8A0-4B9E-8A11-FE246A24A102}.Release|x86.ActiveCfg = Release|Win32
		{6752BCED-F8A0-4B9E-8A11-FE246A24A102}.Release|x86.Build.0 = Release|Win32
		{DECC3F0E-83E7-4E9A-802F-09191038AFBA}.Debug|x64.ActiveCfg = Debug|x64
		{DECC3F0E-83E7-4E9A-802F-09191038AFBA}.Debug|x64.Build.0 = Debug|x64
		{DECC3F0E-83E7-4E9A-802F-09191038AFBA}.Debug|x86.ActiveCfg = Debug|Win32
		{DECC3F0E-83E7-4E9A-802F-09191038AFBA}.Debug|x86.Build.0 = Debug|Win32
		{DECC3F0E-83E7-4E9A-802F-09191038AFBA}.Release|x64.ActiveCfg = Release|x64
		{DECC3F0E-83E7-4E9A-802F-09191038AFBA}.Release|x64.Build.0 = Release|x64
		{DECC3F0E-83E7-4E9A-802F-09191038AFBA}.Release|x86.ActiveCfg = Release|Win32
		{DECC3F0E-83E7-4E9A-802F-09191038AFBA}.Release|x86.Build.0 = Release|Win32
		{60DC6EE9-96B6-4B6E-9201-8594EB62C9C8}.Debug|x64.ActiveCfg = Debug|x64
		{60DC6EE9-96B6-4B6E-9201-8594EB62C9C8}.Debug|x64.Build.0 = Debug|x64
		{60DC6EE9-96B6-4B6E-9201-8594EB62C9C8}.Debug|x86.ActiveCfg = Debug|Win32
		{60DC6EE9-96B6-4B6E-9201-8594EB62C9C8}.Debug|x86.Build.0 = Debug|Win32
		{60DC6EE9-96B6-4B6E-9201-8594EB62C9C8}.Release|x64.ActiveCfg = Release|x64
		{60DC6EE9-96B6-4B6E-9201-8594EB62C9C8}.Release|x64.Build.0 = Release|x64
		{60DC6EE9-96B6-4B6E-9201-8594EB62C9C8}.Release|x86.ActiveCfg = Release|Win32
		{60DC6EE9-96B6-4B6E-9201-8594EB62C9C8}.Release|x86.Build.0 = Release|Win32
		{4461248B-1621-4D62-AE8E-149BB4A2BC3F}.Debug|x64.ActiveCfg = Debug|x64
		{4461248B-1621-4D62-AE8E-149BB4A2BC3F}.Debug|x64.Build.0 = Debug|x64
		{4461248B-1621-4D62-AE8E-149BB4A2BC3F}.Debug|x86.ActiveCfg = Debug|Win32
		{4461248B-1621-4D62-AE8E-149BB4A2BC3F}.Debug|x86.Build.0 = Debug|Win32
		{4461248B-1621-4D62-AE8E-149BB4A2BC3F}.Release|x64.ActiveCfg = Release|x64
		{4461248B-1621-4D62-AE8E-149BB4A2BC3F}.Release|x64.Build.0 = Release|x64
		{4461248B-1621-4D62-AE8E-149BB4A2BC3F}.Release|x86.ActiveCfg = Release|Win32
		{4461248B-1621-4D62-AE8E-149BB4A2BC3F}.Release|x86.Build.0 = Release|Win32
		{73D96943-2FAB-4428-8788-F7765D400C27}.Debug|x64.ActiveCfg = Debug|x64
		{73D96943-2FAB-4428-8788-F7765D400C27}.Debug|x64.Build.0 = Debug|x64
		{73D96943-2FAB-4428-8788-F7765D400C27}.Debug|x86.ActiveCfg = Debug|Win32
		{73D96943-2FAB-4428-8788-F7765D400C27}.Debug|x86.Build.0 = Debug|Win32
		{73D96943-2FAB-4428-8788-F7765D400C27}.Release|x64.ActiveCfg = Release|x64
		{73D96943-2FAB-4428-8788-F7765D400C27}.Release|x64.Build.0 = Release|x64
		{73D96943-2FAB-4428-8788-F7765D400C27}.Release|x86.ActiveCfg = Release|Win32
		{73D96943-2FAB-4428-8788-F7765D400C27}.Release|x86.Build.0 = Release|Win32
	EndGlobalSection
	GlobalSection(SolutionProperties) = preSolution
		HideSolutionNode = FALSE
	EndGlobalSection
	GlobalSection(ExtensibilityGlobals) = postSolution
		SolutionGuid = {4229C7C2-B310-433B-8E3D-7129FAA79EA0}
	EndGlobalSection
EndGlobal
